
Microsoft Visual Studio Solution File, Format Version 12.00
# Visual Studio Version 17
VisualStudioVersion = 17.14.36414.22
MinimumVisualStudioVersion = 10.0.40219.1
Project("{FAE04EC0-301F-11D3-BF4B-00C04F79EFBC}") = "Uppgift", "Uppgift\Uppgift.csproj", "{3C5DCC13-6258-497F-BBDD-2EC403326B1E}"
EndProject
Project("{FAE04EC0-301F-11D3-BF4B-00C04F79EFBC}") = "Tester", "Tester\Tester.csproj", "{10EA8B66-97C8-4A61-91C3-2F0292714425}"
EndProject
Global
	GlobalSection(SolutionConfigurationPlatforms) = preSolution
		Debug|Any CPU = Debug|Any CPU
		Release|Any CPU = Release|Any CPU
	EndGlobalSection
	GlobalSection(ProjectConfigurationPlatforms) = postSolution
		{3C5DCC13-6258-497F-BBDD-2EC403326B1E}.Debug|Any CPU.ActiveCfg = Debug|Any CPU
		{3C5DCC13-6258-497F-BBDD-2EC403326B1E}.Debug|Any CPU.Build.0 = Debug|Any CPU
		{3C5DCC13-6258-497F-BBDD-2EC403326B1E}.Release|Any CPU.ActiveCfg = Release|Any CPU
		{3C5DCC13-6258-497F-BBDD-2EC403326B1E}.Release|Any CPU.Build.0 = Release|Any CPU
		{10EA8B66-97C8-4A61-91C3-2F0292714425}.Debug|Any CPU.ActiveCfg = Debug|Any CPU
		{10EA8B66-97C8-4A61-91C3-2F0292714425}.Debug|Any CPU.Build.0 = Debug|Any CPU
		{10EA8B66-97C8-4A61-91C3-2F0292714425}.Release|Any CPU.ActiveCfg = Release|Any CPU
		{10EA8B66-97C8-4A61-91C3-2F0292714425}.Release|Any CPU.Build.0 = Release|Any CPU
	EndGlobalSection
	GlobalSection(SolutionProperties) = preSolution
		HideSolutionNode = FALSE
	EndGlobalSection
	GlobalSection(ExtensibilityGlobals) = postSolution
		SolutionGuid = {2E669FC7-12BA-4F4E-B777-499B11AFBBCB}
	EndGlobalSection
EndGlobal
